
Microsoft Visual Studio Solution File, Format Version 11.00
# Visual Studio 2010
Project("{FAE04EC0-301F-11D3-BF4B-00C04F79EFBC}") = "Vanguard.Web", "Vanguard.Web\Vanguard.Web.csproj", "{070FBB7A-CDE4-4F71-AEB6-7A4D9D21BF09}"
EndProject
Global
	GlobalSection(SolutionConfigurationPlatforms) = preSolution
		Debug|Any CPU = Debug|Any CPU
		Release|Any CPU = Release|Any CPU
	EndGlobalSection
	GlobalSection(ProjectConfigurationPlatforms) = postSolution
		{070FBB7A-CDE4-4F71-AEB6-7A4D9D21BF09}.Debug|Any CPU.ActiveCfg = Debug|Any CPU
		{070FBB7A-CDE4-4F71-AEB6-7A4D9D21BF09}.Debug|Any CPU.Build.0 = Debug|Any CPU
		{070FBB7A-CDE4-4F71-AEB6-7A4D9D21BF09}.Release|Any CPU.ActiveCfg = Release|Any CPU
		{070FBB7A-CDE4-4F71-AEB6-7A4D9D21BF09}.Release|Any CPU.Build.0 = Release|Any CPU
	EndGlobalSection
	GlobalSection(SolutionProperties) = preSolution
		HideSolutionNode = FALSE
	EndGlobalSection
EndGlobal
